
Microsoft Visual Studio Solution File, Format Version 12.00
# Visual Studio Version 16
VisualStudioVersion = 16.0.31702.278
MinimumVisualStudioVersion = 10.0.40219.1
Project("{FAE04EC0-301F-11D3-BF4B-00C04F79EFBC}") = "CentralControlSoftware", "CentralControlSoftware\CentralControlSoftware.csproj", "{D542EE5A-627F-459F-9C48-8A2F1D50DCAA}"
EndProject
Global
	GlobalSection(SolutionConfigurationPlatforms) = preSolution
		Debug|Any CPU = Debug|Any CPU
		Release|Any CPU = Release|Any CPU
	EndGlobalSection
	GlobalSection(ProjectConfigurationPlatforms) = postSolution
		{D542EE5A-627F-459F-9C48-8A2F1D50DCAA}.Debug|Any CPU.ActiveCfg = Debug|Any CPU
		{D542EE5A-627F-459F-9C48-8A2F1D50DCAA}.Debug|Any CPU.Build.0 = Debug|Any CPU
		{D542EE5A-627F-459F-9C48-8A2F1D50DCAA}.Release|Any CPU.ActiveCfg = Release|Any CPU
		{D542EE5A-627F-459F-9C48-8A2F1D50DCAA}.Release|Any CPU.Build.0 = Release|Any CPU
	EndGlobalSection
	GlobalSection(SolutionProperties) = preSolution
		HideSolutionNode = FALSE
	EndGlobalSection
	GlobalSection(ExtensibilityGlobals) = postSolution
		SolutionGuid = {7A837BCB-B3B1-4F12-9A89-71737D4C9DEB}
	EndGlobalSection
EndGlobal
